// !$*UTF8*$!
{
	archiveVersion = 1;
	classes = {
	};
	objectVersion = 50;
	objects = {

/* Begin PBXBuildFile section */
		22418742262D4D8300AC14C7 /* AppDelegate.swift in Sources */ = {isa = PBXBuildFile; fileRef = 22418741262D4D8300AC14C7 /* AppDelegate.swift */; };
		22418744262D4D8300AC14C7 /* SceneDelegate.swift in Sources */ = {isa = PBXBuildFile; fileRef = 22418743262D4D8300AC14C7 /* SceneDelegate.swift */; };
		22418746262D4D8300AC14C7 /* ViewController.swift in Sources */ = {isa = PBXBuildFile; fileRef = 22418745262D4D8300AC14C7 /* ViewController.swift */; };
		22418749262D4D8300AC14C7 /* Main.storyboard in Resources */ = {isa = PBXBuildFile; fileRef = 22418747262D4D8300AC14C7 /* Main.storyboard */; };
		2241874B262D4D8600AC14C7 /* Assets.xcassets in Resources */ = {isa = PBXBuildFile; fileRef = 2241874A262D4D8600AC14C7 /* Assets.xcassets */; };
		2241874E262D4D8600AC14C7 /* LaunchScreen.storyboard in Resources */ = {isa = PBXBuildFile; fileRef = 2241874C262D4D8600AC14C7 /* LaunchScreen.storyboard */; };
		22418761262D5C8400AC14C7 /* HeaderCollectionReusableView.swift in Sources */ = {isa = PBXBuildFile; fileRef = 22418760262D5C8400AC14C7 /* HeaderCollectionReusableView.swift */; };
		22418771262D6A5A00AC14C7 /* SidedishItem.swift in Sources */ = {isa = PBXBuildFile; fileRef = 22418770262D6A5A00AC14C7 /* SidedishItem.swift */; };
		22418774262D6B3400AC14C7 /* Category.swift in Sources */ = {isa = PBXBuildFile; fileRef = 22418773262D6B3400AC14C7 /* Category.swift */; };
		D08A5398262D587700DD1CBE /* ItemCollectionViewCell.swift in Sources */ = {isa = PBXBuildFile; fileRef = D08A5397262D587700DD1CBE /* ItemCollectionViewCell.swift */; };
/* End PBXBuildFile section */

/* Begin PBXFileReference section */
		2241873E262D4D8300AC14C7 /* Sidedish.app */ = {isa = PBXFileReference; explicitFileType = wrapper.application; includeInIndex = 0; path = Sidedish.app; sourceTree = BUILT_PRODUCTS_DIR; };
		22418741262D4D8300AC14C7 /* AppDelegate.swift */ = {isa = PBXFileReference; lastKnownFileType = sourcecode.swift; path = AppDelegate.swift; sourceTree = "<group>"; };
		22418743262D4D8300AC14C7 /* SceneDelegate.swift */ = {isa = PBXFileReference; lastKnownFileType = sourcecode.swift; path = SceneDelegate.swift; sourceTree = "<group>"; };
		22418745262D4D8300AC14C7 /* ViewController.swift */ = {isa = PBXFileReference; lastKnownFileType = sourcecode.swift; path = ViewController.swift; sourceTree = "<group>"; };
		22418748262D4D8300AC14C7 /* Base */ = {isa = PBXFileReference; lastKnownFileType = file.storyboard; name = Base; path = Base.lproj/Main.storyboard; sourceTree = "<group>"; };
		2241874A262D4D8600AC14C7 /* Assets.xcassets */ = {isa = PBXFileReference; lastKnownFileType = folder.assetcatalog; path = Assets.xcassets; sourceTree = "<group>"; };
		2241874D262D4D8600AC14C7 /* Base */ = {isa = PBXFileReference; lastKnownFileType = file.storyboard; name = Base; path = Base.lproj/LaunchScreen.storyboard; sourceTree = "<group>"; };
		2241874F262D4D8600AC14C7 /* Info.plist */ = {isa = PBXFileReference; lastKnownFileType = text.plist.xml; path = Info.plist; sourceTree = "<group>"; };
		22418760262D5C8400AC14C7 /* HeaderCollectionReusableView.swift */ = {isa = PBXFileReference; lastKnownFileType = sourcecode.swift; path = HeaderCollectionReusableView.swift; sourceTree = "<group>"; };
		22418770262D6A5A00AC14C7 /* SidedishItem.swift */ = {isa = PBXFileReference; lastKnownFileType = sourcecode.swift; path = SidedishItem.swift; sourceTree = "<group>"; };
		22418773262D6B3400AC14C7 /* Category.swift */ = {isa = PBXFileReference; lastKnownFileType = sourcecode.swift; path = Category.swift; sourceTree = "<group>"; };
		D08A5397262D587700DD1CBE /* ItemCollectionViewCell.swift */ = {isa = PBXFileReference; lastKnownFileType = sourcecode.swift; path = ItemCollectionViewCell.swift; sourceTree = "<group>"; };
/* End PBXFileReference section */

/* Begin PBXFrameworksBuildPhase section */
		2241873B262D4D8300AC14C7 /* Frameworks */ = {
			isa = PBXFrameworksBuildPhase;
			buildActionMask = 2147483647;
			files = (
			);
			runOnlyForDeploymentPostprocessing = 0;
		};
/* End PBXFrameworksBuildPhase section */

/* Begin PBXGroup section */
		22418735262D4D8300AC14C7 = {
			isa = PBXGroup;
			children = (
				22418740262D4D8300AC14C7 /* Sidedish */,
				2241873F262D4D8300AC14C7 /* Products */,
			);
			sourceTree = "<group>";
		};
		2241873F262D4D8300AC14C7 /* Products */ = {
			isa = PBXGroup;
			children = (
				2241873E262D4D8300AC14C7 /* Sidedish.app */,
			);
			name = Products;
			sourceTree = "<group>";
		};
		22418740262D4D8300AC14C7 /* Sidedish */ = {
			isa = PBXGroup;
			children = (
				22418741262D4D8300AC14C7 /* AppDelegate.swift */,
				22418743262D4D8300AC14C7 /* SceneDelegate.swift */,
				22418745262D4D8300AC14C7 /* ViewController.swift */,
				D08A5397262D587700DD1CBE /* ItemCollectionViewCell.swift */,
				22418747262D4D8300AC14C7 /* Main.storyboard */,
				22418760262D5C8400AC14C7 /* HeaderCollectionReusableView.swift */,
				22418776262D6C1700AC14C7 /* Entity */,
				2241874A262D4D8600AC14C7 /* Assets.xcassets */,
				2241874C262D4D8600AC14C7 /* LaunchScreen.storyboard */,
				2241874F262D4D8600AC14C7 /* Info.plist */,
			);
			path = Sidedish;
			sourceTree = "<group>";
		};
		22418776262D6C1700AC14C7 /* Entity */ = {
			isa = PBXGroup;
			children = (
				22418770262D6A5A00AC14C7 /* SidedishItem.swift */,
				22418773262D6B3400AC14C7 /* Category.swift */,
			);
			path = Entity;
			sourceTree = "<group>";
		};
/* End PBXGroup section */

/* Begin PBXNativeTarget section */
		2241873D262D4D8300AC14C7 /* Sidedish */ = {
			isa = PBXNativeTarget;
			buildConfigurationList = 22418752262D4D8600AC14C7 /* Build configuration list for PBXNativeTarget "Sidedish" */;
			buildPhases = (
				2241873A262D4D8300AC14C7 /* Sources */,
				2241873B262D4D8300AC14C7 /* Frameworks */,
				2241873C262D4D8300AC14C7 /* Resources */,
			);
			buildRules = (
			);
			dependencies = (
			);
			name = Sidedish;
			productName = Sidedish;
			productReference = 2241873E262D4D8300AC14C7 /* Sidedish.app */;
			productType = "com.apple.product-type.application";
		};
/* End PBXNativeTarget section */

/* Begin PBXProject section */
		22418736262D4D8300AC14C7 /* Project object */ = {
			isa = PBXProject;
			attributes = {
				LastSwiftUpdateCheck = 1240;
				LastUpgradeCheck = 1240;
				TargetAttributes = {
					2241873D262D4D8300AC14C7 = {
						CreatedOnToolsVersion = 12.4;
					};
				};
			};
			buildConfigurationList = 22418739262D4D8300AC14C7 /* Build configuration list for PBXProject "Sidedish" */;
			compatibilityVersion = "Xcode 9.3";
			developmentRegion = en;
			hasScannedForEncodings = 0;
			knownRegions = (
				en,
				Base,
			);
			mainGroup = 22418735262D4D8300AC14C7;
			productRefGroup = 2241873F262D4D8300AC14C7 /* Products */;
			projectDirPath = "";
			projectRoot = "";
			targets = (
				2241873D262D4D8300AC14C7 /* Sidedish */,
			);
		};
/* End PBXProject section */

/* Begin PBXResourcesBuildPhase section */
		2241873C262D4D8300AC14C7 /* Resources */ = {
			isa = PBXResourcesBuildPhase;
			buildActionMask = 2147483647;
			files = (
				2241874E262D4D8600AC14C7 /* LaunchScreen.storyboard in Resources */,
				2241874B262D4D8600AC14C7 /* Assets.xcassets in Resources */,
				22418749262D4D8300AC14C7 /* Main.storyboard in Resources */,
			);
			runOnlyForDeploymentPostprocessing = 0;
		};
/* End PBXResourcesBuildPhase section */

/* Begin PBXSourcesBuildPhase section */
		2241873A262D4D8300AC14C7 /* Sources */ = {
			isa = PBXSourcesBuildPhase;
			buildActionMask = 2147483647;
			files = (
				22418746262D4D8300AC14C7 /* ViewController.swift in Sources */,
				D08A5398262D587700DD1CBE /* ItemCollectionViewCell.swift in Sources */,
				22418742262D4D8300AC14C7 /* AppDelegate.swift in Sources */,
				22418771262D6A5A00AC14C7 /* SidedishItem.swift in Sources */,
				22418761262D5C8400AC14C7 /* HeaderCollectionReusableView.swift in Sources */,
				22418744262D4D8300AC14C7 /* SceneDelegate.swift in Sources */,
				22418774262D6B3400AC14C7 /* Category.swift in Sources */,
			);
			runOnlyForDeploymentPostprocessing = 0;
		};
/* End PBXSourcesBuildPhase section */

/* Begin PBXVariantGroup section */
		22418747262D4D8300AC14C7 /* Main.storyboard */ = {
			isa = PBXVariantGroup;
			children = (
				22418748262D4D8300AC14C7 /* Base */,
			);
			name = Main.storyboard;
			sourceTree = "<group>";
		};
		2241874C262D4D8600AC14C7 /* LaunchScreen.storyboard */ = {
			isa = PBXVariantGroup;
			children = (
				2241874D262D4D8600AC14C7 /* Base */,
			);
			name = LaunchScreen.storyboard;
			sourceTree = "<group>";
		};
/* End PBXVariantGroup section */

/* Begin XCBuildConfiguration section */
		22418750262D4D8600AC14C7 /* Debug */ = {
			isa = XCBuildConfiguration;
			buildSettings = {
				ALWAYS_SEARCH_USER_PATHS = NO;
				CLANG_ANALYZER_NONNULL = YES;
				CLANG_ANALYZER_NUMBER_OBJECT_CONVERSION = YES_AGGRESSIVE;
				CLANG_CXX_LANGUAGE_STANDARD = "gnu++14";
				CLANG_CXX_LIBRARY = "libc++";
				CLANG_ENABLE_MODULES = YES;
				CLANG_ENABLE_OBJC_ARC = YES;
				CLANG_ENABLE_OBJC_WEAK = YES;
				CLANG_WARN_BLOCK_CAPTURE_AUTORELEASING = YES;
				CLANG_WARN_BOOL_CONVERSION = YES;
				CLANG_WARN_COMMA = YES;
				CLANG_WARN_CONSTANT_CONVERSION = YES;
				CLANG_WARN_DEPRECATED_OBJC_IMPLEMENTATIONS = YES;
				CLANG_WARN_DIRECT_OBJC_ISA_USAGE = YES_ERROR;
				CLANG_WARN_DOCUMENTATION_COMMENTS = YES;
				CLANG_WARN_EMPTY_BODY = YES;
				CLANG_WARN_ENUM_CONVERSION = YES;
				CLANG_WARN_INFINITE_RECURSION = YES;
				CLANG_WARN_INT_CONVERSION = YES;
				CLANG_WARN_NON_LITERAL_NULL_CONVERSION = YES;
				CLANG_WARN_OBJC_IMPLICIT_RETAIN_SELF = YES;
				CLANG_WARN_OBJC_LITERAL_CONVERSION = YES;
				CLANG_WARN_OBJC_ROOT_CLASS = YES_ERROR;
				CLANG_WARN_QUOTED_INCLUDE_IN_FRAMEWORK_HEADER = YES;
				CLANG_WARN_RANGE_LOOP_ANALYSIS = YES;
				CLANG_WARN_STRICT_PROTOTYPES = YES;
				CLANG_WARN_SUSPICIOUS_MOVE = YES;
				CLANG_WARN_UNGUARDED_AVAILABILITY = YES_AGGRESSIVE;
				CLANG_WARN_UNREACHABLE_CODE = YES;
				CLANG_WARN__DUPLICATE_METHOD_MATCH = YES;
				COPY_PHASE_STRIP = NO;
				DEBUG_INFORMATION_FORMAT = dwarf;
				ENABLE_STRICT_OBJC_MSGSEND = YES;
				ENABLE_TESTABILITY = YES;
				GCC_C_LANGUAGE_STANDARD = gnu11;
				GCC_DYNAMIC_NO_PIC = NO;
				GCC_NO_COMMON_BLOCKS = YES;
				GCC_OPTIMIZATION_LEVEL = 0;
				GCC_PREPROCESSOR_DEFINITIONS = (
					"DEBUG=1",
					"$(inherited)",
				);
				GCC_WARN_64_TO_32_BIT_CONVERSION = YES;
				GCC_WARN_ABOUT_RETURN_TYPE = YES_ERROR;
				GCC_WARN_UNDECLARED_SELECTOR = YES;
				GCC_WARN_UNINITIALIZED_AUTOS = YES_AGGRESSIVE;
				GCC_WARN_UNUSED_FUNCTION = YES;
				GCC_WARN_UNUSED_VARIABLE = YES;
				IPHONEOS_DEPLOYMENT_TARGET = 14.4;
				MTL_ENABLE_DEBUG_INFO = INCLUDE_SOURCE;
				MTL_FAST_MATH = YES;
				ONLY_ACTIVE_ARCH = YES;
				SDKROOT = iphoneos;
				SWIFT_ACTIVE_COMPILATION_CONDITIONS = DEBUG;
				SWIFT_OPTIMIZATION_LEVEL = "-Onone";
			};
			name = Debug;
		};
		22418751262D4D8600AC14C7 /* Release */ = {
			isa = XCBuildConfiguration;
			buildSettings = {
				ALWAYS_SEARCH_USER_PATHS = NO;
				CLANG_ANALYZER_NONNULL = YES;
				CLANG_ANALYZER_NUMBER_OBJECT_CONVERSION = YES_AGGRESSIVE;
				CLANG_CXX_LANGUAGE_STANDARD = "gnu++14";
				CLANG_CXX_LIBRARY = "libc++";
				CLANG_ENABLE_MODULES = YES;
				CLANG_ENABLE_OBJC_ARC = YES;
				CLANG_ENABLE_OBJC_WEAK = YES;
				CLANG_WARN_BLOCK_CAPTURE_AUTORELEASING = YES;
				CLANG_WARN_BOOL_CONVERSION = YES;
				CLANG_WARN_COMMA = YES;
				CLANG_WARN_CONSTANT_CONVERSION = YES;
				CLANG_WARN_DEPRECATED_OBJC_IMPLEMENTATIONS = YES;
				CLANG_WARN_DIRECT_OBJC_ISA_USAGE = YES_ERROR;
				CLANG_WARN_DOCUMENTATION_COMMENTS = YES;
				CLANG_WARN_EMPTY_BODY = YES;
				CLANG_WARN_ENUM_CONVERSION = YES;
				CLANG_WARN_INFINITE_RECURSION = YES;
				CLANG_WARN_INT_CONVERSION = YES;
				CLANG_WARN_NON_LITERAL_NULL_CONVERSION = YES;
				CLANG_WARN_OBJC_IMPLICIT_RETAIN_SELF = YES;
				CLANG_WARN_OBJC_LITERAL_CONVERSION = YES;
				CLANG_WARN_OBJC_ROOT_CLASS = YES_ERROR;
				CLANG_WARN_QUOTED_INCLUDE_IN_FRAMEWORK_HEADER = YES;
				CLANG_WARN_RANGE_LOOP_ANALYSIS = YES;
				CLANG_WARN_STRICT_PROTOTYPES = YES;
				CLANG_WARN_SUSPICIOUS_MOVE = YES;
				CLANG_WARN_UNGUARDED_AVAILABILITY = YES_AGGRESSIVE;
				CLANG_WARN_UNREACHABLE_CODE = YES;
				CLANG_WARN__DUPLICATE_METHOD_MATCH = YES;
				COPY_PHASE_STRIP = NO;
				DEBUG_INFORMATION_FORMAT = "dwarf-with-dsym";
				ENABLE_NS_ASSERTIONS = NO;
				ENABLE_STRICT_OBJC_MSGSEND = YES;
				GCC_C_LANGUAGE_STANDARD = gnu11;
				GCC_NO_COMMON_BLOCKS = YES;
				GCC_WARN_64_TO_32_BIT_CONVERSION = YES;
				GCC_WARN_ABOUT_RETURN_TYPE = YES_ERROR;
				GCC_WARN_UNDECLARED_SELECTOR = YES;
				GCC_WARN_UNINITIALIZED_AUTOS = YES_AGGRESSIVE;
				GCC_WARN_UNUSED_FUNCTION = YES;
				GCC_WARN_UNUSED_VARIABLE = YES;
				IPHONEOS_DEPLOYMENT_TARGET = 14.4;
				MTL_ENABLE_DEBUG_INFO = NO;
				MTL_FAST_MATH = YES;
				SDKROOT = iphoneos;
				SWIFT_COMPILATION_MODE = wholemodule;
				SWIFT_OPTIMIZATION_LEVEL = "-O";
				VALIDATE_PRODUCT = YES;
			};
			name = Release;
		};
		22418753262D4D8600AC14C7 /* Debug */ = {
			isa = XCBuildConfiguration;
			buildSettings = {
				ASSETCATALOG_COMPILER_APPICON_NAME = AppIcon;
				ASSETCATALOG_COMPILER_GLOBAL_ACCENT_COLOR_NAME = AccentColor;
				CODE_SIGN_STYLE = Automatic;
				INFOPLIST_FILE = Sidedish/Info.plist;
				LD_RUNPATH_SEARCH_PATHS = (
					"$(inherited)",
					"@executable_path/Frameworks",
				);
				PRODUCT_BUNDLE_IDENTIFIER = kr.maylily.Sidedish;
				PRODUCT_NAME = "$(TARGET_NAME)";
				SWIFT_VERSION = 5.0;
				TARGETED_DEVICE_FAMILY = "1,2";
			};
			name = Debug;
		};
		22418754262D4D8600AC14C7 /* Release */ = {
			isa = XCBuildConfiguration;
			buildSettings = {
				ASSETCATALOG_COMPILER_APPICON_NAME = AppIcon;
				ASSETCATALOG_COMPILER_GLOBAL_ACCENT_COLOR_NAME = AccentColor;
				CODE_SIGN_STYLE = Automatic;
				INFOPLIST_FILE = Sidedish/Info.plist;
				LD_RUNPATH_SEARCH_PATHS = (
					"$(inherited)",
					"@executable_path/Frameworks",
				);
				PRODUCT_BUNDLE_IDENTIFIER = kr.maylily.Sidedish;
				PRODUCT_NAME = "$(TARGET_NAME)";
				SWIFT_VERSION = 5.0;
				TARGETED_DEVICE_FAMILY = "1,2";
			};
			name = Release;
		};
/* End XCBuildConfiguration section */

/* Begin XCConfigurationList section */
		22418739262D4D8300AC14C7 /* Build configuration list for PBXProject "Sidedish" */ = {
			isa = XCConfigurationList;
			buildConfigurations = (
				22418750262D4D8600AC14C7 /* Debug */,
				22418751262D4D8600AC14C7 /* Release */,
			);
			defaultConfigurationIsVisible = 0;
			defaultConfigurationName = Release;
		};
		22418752262D4D8600AC14C7 /* Build configuration list for PBXNativeTarget "Sidedish" */ = {
			isa = XCConfigurationList;
			buildConfigurations = (
				22418753262D4D8600AC14C7 /* Debug */,
				22418754262D4D8600AC14C7 /* Release */,
			);
			defaultConfigurationIsVisible = 0;
			defaultConfigurationName = Release;
		};
/* End XCConfigurationList section */
	};
	rootObject = 22418736262D4D8300AC14C7 /* Project object */;
}
